
Microsoft Visual Studio Solution File, Format Version 12.00
# Visual Studio Version 16
VisualStudioVersion = 16.0.30413.136
MinimumVisualStudioVersion = 10.0.40219.1
Project("{FAE04EC0-301F-11D3-BF4B-00C04F79EFBC}") = "task2", "task2.csproj", "{EB856F48-E1E3-4CF8-84AC-C4BCF64E6F96}"
EndProject
Global
	GlobalSection(SolutionConfigurationPlatforms) = preSolution
		Debug|Any CPU = Debug|Any CPU
		Release|Any CPU = Release|Any CPU
	EndGlobalSection
	GlobalSection(ProjectConfigurationPlatforms) = postSolution
		{EB856F48-E1E3-4CF8-84AC-C4BCF64E6F96}.Debug|Any CPU.ActiveCfg = Debug|Any CPU
		{EB856F48-E1E3-4CF8-84AC-C4BCF64E6F96}.Debug|Any CPU.Build.0 = Debug|Any CPU
		{EB856F48-E1E3-4CF8-84AC-C4BCF64E6F96}.Release|Any CPU.ActiveCfg = Release|Any CPU
		{EB856F48-E1E3-4CF8-84AC-C4BCF64E6F96}.Release|Any CPU.Build.0 = Release|Any CPU
	EndGlobalSection
	GlobalSection(SolutionProperties) = preSolution
		HideSolutionNode = FALSE
	EndGlobalSection
	GlobalSection(ExtensibilityGlobals) = postSolution
		SolutionGuid = {054C8330-C89E-4177-A536-9F52FB27BD6B}
	EndGlobalSection
EndGlobal
